// !$*UTF8*$!
{
	archiveVersion = 1;
	classes = {
	};
	objectVersion = 50;
	objects = {

/* Begin PBXBuildFile section */
		7A03962F22272390001E7E4E /* AppDelegate.swift in Sources */ = {isa = PBXBuildFile; fileRef = 7A03962E22272390001E7E4E /* AppDelegate.swift */; };
		7A03963122272390001E7E4E /* ViewController.swift in Sources */ = {isa = PBXBuildFile; fileRef = 7A03963022272390001E7E4E /* ViewController.swift */; };
		7A03963622272392001E7E4E /* Assets.xcassets in Resources */ = {isa = PBXBuildFile; fileRef = 7A03963522272392001E7E4E /* Assets.xcassets */; };
		7A03964F22272392001E7E4E /* SuperHeroUITests.swift in Sources */ = {isa = PBXBuildFile; fileRef = 7A03964E22272392001E7E4E /* SuperHeroUITests.swift */; };
		7A03965E22272B9D001E7E4E /* Hero.swift in Sources */ = {isa = PBXBuildFile; fileRef = 7A03965D22272B9D001E7E4E /* Hero.swift */; };
		7A03966022272B9D001E7E4E /* Hero.swift in Sources */ = {isa = PBXBuildFile; fileRef = 7A03965D22272B9D001E7E4E /* Hero.swift */; };
		7A03966322272CAD001E7E4E /* HeroCollectionViewController.swift in Sources */ = {isa = PBXBuildFile; fileRef = 7A03966222272CAD001E7E4E /* HeroCollectionViewController.swift */; };
		7A8C03DE2244292700BE9051 /* HeroDetailViewModel.swift in Sources */ = {isa = PBXBuildFile; fileRef = 7A8C03DD2244292700BE9051 /* HeroDetailViewModel.swift */; };
		7A8C03DF2244292700BE9051 /* HeroDetailViewModel.swift in Sources */ = {isa = PBXBuildFile; fileRef = 7A8C03DD2244292700BE9051 /* HeroDetailViewModel.swift */; };
		7A8C03E422442CE400BE9051 /* HeroModelViewProtocol.swift in Sources */ = {isa = PBXBuildFile; fileRef = 7A8C03E322442CE400BE9051 /* HeroModelViewProtocol.swift */; };
		7A8C03E522442CE400BE9051 /* HeroModelViewProtocol.swift in Sources */ = {isa = PBXBuildFile; fileRef = 7A8C03E322442CE400BE9051 /* HeroModelViewProtocol.swift */; };
		7AAF4F42223979F600C4737A /* DetailViewController.swift in Sources */ = {isa = PBXBuildFile; fileRef = 7AB361542231BCD20066AE9B /* DetailViewController.swift */; };
		7AAF4F4322397A4C00C4737A /* Main.storyboard in Resources */ = {isa = PBXBuildFile; fileRef = 7A03963222272390001E7E4E /* Main.storyboard */; };
		7AAF4F452239884D00C4737A /* WikiWebViewController.swift in Sources */ = {isa = PBXBuildFile; fileRef = 7AAF4F442239884D00C4737A /* WikiWebViewController.swift */; };
		7AB41E4E223BD6390018E251 /* SuperheroManager.swift in Sources */ = {isa = PBXBuildFile; fileRef = 7AB361522231A9D60066AE9B /* SuperheroManager.swift */; };
		7AB41E4F223BFEC90018E251 /* LaunchScreen.storyboard in Resources */ = {isa = PBXBuildFile; fileRef = 7A03963722272392001E7E4E /* LaunchScreen.storyboard */; };
		7AB7BC762232B1EF00CB7944 /* tr1.mp4 in Resources */ = {isa = PBXBuildFile; fileRef = 7AB7BC752232B1EF00CB7944 /* tr1.mp4 */; };
		7AB7BC782232CC9B00CB7944 /* Alamofire.framework in Frameworks */ = {isa = PBXBuildFile; fileRef = 7AB7BC772232CC9B00CB7944 /* Alamofire.framework */; };
		7AB7BC7A2232EFB300CB7944 /* APIClient.swift in Sources */ = {isa = PBXBuildFile; fileRef = 7AB7BC792232EFB300CB7944 /* APIClient.swift */; };
		7AB7BC7E2232F81C00CB7944 /* SwiftyJSON.framework in Frameworks */ = {isa = PBXBuildFile; fileRef = 7AB7BC7B2232F81C00CB7944 /* SwiftyJSON.framework */; };
		7AB7BC7F2232F81C00CB7944 /* SDWebImage.framework in Frameworks */ = {isa = PBXBuildFile; fileRef = 7AB7BC7C2232F81C00CB7944 /* SDWebImage.framework */; };
		7AB7BC802232F81C00CB7944 /* AlamofireImage.framework in Frameworks */ = {isa = PBXBuildFile; fileRef = 7AB7BC7D2232F81C00CB7944 /* AlamofireImage.framework */; };
		7AB96CFB22287B44003EC2B2 /* HeroCell.swift in Sources */ = {isa = PBXBuildFile; fileRef = 7AB96CFA22287B44003EC2B2 /* HeroCell.swift */; };
		7AB96CFD22287B44003EC2B2 /* HeroCell.swift in Sources */ = {isa = PBXBuildFile; fileRef = 7AB96CFA22287B44003EC2B2 /* HeroCell.swift */; };
		7ABBAA4B223AC70C0094B4F8 /* MapFlowStoryboard.storyboard in Resources */ = {isa = PBXBuildFile; fileRef = 7ABBAA4A223AC70C0094B4F8 /* MapFlowStoryboard.storyboard */; };
		7ABBAA4D223AC7D10094B4F8 /* MapViewController.swift in Sources */ = {isa = PBXBuildFile; fileRef = 7ABBAA4C223AC7D10094B4F8 /* MapViewController.swift */; };
		7ABBAA4F223AC9C50094B4F8 /* MapKit.framework in Frameworks */ = {isa = PBXBuildFile; fileRef = 7ABBAA4E223AC9C50094B4F8 /* MapKit.framework */; };
		7ABBAA53223AD1CA0094B4F8 /* GlobantBB.gpx in Resources */ = {isa = PBXBuildFile; fileRef = 7ABBAA52223AD1CA0094B4F8 /* GlobantBB.gpx */; };
		7ABBAA55223AEA750094B4F8 /* CustomAnnotation.swift in Sources */ = {isa = PBXBuildFile; fileRef = 7ABBAA54223AEA750094B4F8 /* CustomAnnotation.swift */; };
		7AC029862238226200460238 /* ComicFlowStoryboard.storyboard in Resources */ = {isa = PBXBuildFile; fileRef = 7AC029852238226200460238 /* ComicFlowStoryboard.storyboard */; };
		7AC029882238228B00460238 /* CreatorFlowStoryboard.storyboard in Resources */ = {isa = PBXBuildFile; fileRef = 7AC029872238228B00460238 /* CreatorFlowStoryboard.storyboard */; };
		7AC0298C22384CD800460238 /* ComicCollectionViewController.swift in Sources */ = {isa = PBXBuildFile; fileRef = 7AC0298B22384CD800460238 /* ComicCollectionViewController.swift */; };
		7AC4051E2229BA7200368727 /* ComicCollectionCell.swift in Sources */ = {isa = PBXBuildFile; fileRef = 7AC4051D2229BA7200368727 /* ComicCollectionCell.swift */; };
		7AC405202229BA7200368727 /* ComicCollectionCell.swift in Sources */ = {isa = PBXBuildFile; fileRef = 7AC4051D2229BA7200368727 /* ComicCollectionCell.swift */; };
		7AC405222229BB2E00368727 /* Comic.swift in Sources */ = {isa = PBXBuildFile; fileRef = 7AC405212229BB2E00368727 /* Comic.swift */; };
		7AC405242229BB2E00368727 /* Comic.swift in Sources */ = {isa = PBXBuildFile; fileRef = 7AC405212229BB2E00368727 /* Comic.swift */; };
		7AC633972236CD0E006388AC /* HeroImageZoomViewController.swift in Sources */ = {isa = PBXBuildFile; fileRef = 7AC633962236CD0E006388AC /* HeroImageZoomViewController.swift */; };
		7AD234C82243B96A00CA2D2D /* CodableHasContextChecker.swift in Sources */ = {isa = PBXBuildFile; fileRef = 7ADA3148223FE2C600F553A3 /* CodableHasContextChecker.swift */; };
		7AD234DF2243BA9400CA2D2D /* CodableHasContextChecker.swift in Sources */ = {isa = PBXBuildFile; fileRef = 7ADA3148223FE2C600F553A3 /* CodableHasContextChecker.swift */; };
		7AD234E02243BA9400CA2D2D /* Model.xcdatamodeld in Sources */ = {isa = PBXBuildFile; fileRef = 7ADA3144223FBCE300F553A3 /* Model.xcdatamodeld */; };
		7AD234E12243BA9400CA2D2D /* GlobantBB.gpx in Sources */ = {isa = PBXBuildFile; fileRef = 7ABBAA52223AD1CA0094B4F8 /* GlobantBB.gpx */; };
		7AD234E72243BA9400CA2D2D /* HeroCell.swift in Sources */ = {isa = PBXBuildFile; fileRef = 7AB96CFA22287B44003EC2B2 /* HeroCell.swift */; };
		7AD234E82243BA9400CA2D2D /* ComicCollectionCell.swift in Sources */ = {isa = PBXBuildFile; fileRef = 7AC4051D2229BA7200368727 /* ComicCollectionCell.swift */; };
		7AD234E92243BA9400CA2D2D /* FindCell.swift in Sources */ = {isa = PBXBuildFile; fileRef = 7AF6DA4C2230014400DA4647 /* FindCell.swift */; };
		7AD234EA2243BA9400CA2D2D /* DetailViewController.swift in Sources */ = {isa = PBXBuildFile; fileRef = 7AB361542231BCD20066AE9B /* DetailViewController.swift */; };
		7AD234EB2243BA9400CA2D2D /* HeroCollectionViewController.swift in Sources */ = {isa = PBXBuildFile; fileRef = 7A03966222272CAD001E7E4E /* HeroCollectionViewController.swift */; };
		7AD234EC2243BA9400CA2D2D /* ViewController.swift in Sources */ = {isa = PBXBuildFile; fileRef = 7A03963022272390001E7E4E /* ViewController.swift */; };
		7AD234ED2243BA9400CA2D2D /* ComicViewController.swift in Sources */ = {isa = PBXBuildFile; fileRef = 7AF6DA4A222FE73600DA4647 /* ComicViewController.swift */; };
		7AD234EE2243BA9400CA2D2D /* VideoViewController.swift in Sources */ = {isa = PBXBuildFile; fileRef = 7AF6DA572230679F00DA4647 /* VideoViewController.swift */; };
		7AD234EF2243BA9400CA2D2D /* HeroImageZoomViewController.swift in Sources */ = {isa = PBXBuildFile; fileRef = 7AC633962236CD0E006388AC /* HeroImageZoomViewController.swift */; };
		7AD234F02243BA9400CA2D2D /* ComicCollectionViewController.swift in Sources */ = {isa = PBXBuildFile; fileRef = 7AC0298B22384CD800460238 /* ComicCollectionViewController.swift */; };
		7AD234F12243BA9400CA2D2D /* WikiWebViewController.swift in Sources */ = {isa = PBXBuildFile; fileRef = 7AAF4F442239884D00C4737A /* WikiWebViewController.swift */; };
		7AD234F22243BA9400CA2D2D /* MapViewController.swift in Sources */ = {isa = PBXBuildFile; fileRef = 7ABBAA4C223AC7D10094B4F8 /* MapViewController.swift */; };
		7AD234F32243BA9400CA2D2D /* Hero.swift in Sources */ = {isa = PBXBuildFile; fileRef = 7A03965D22272B9D001E7E4E /* Hero.swift */; };
		7AD234F42243BA9400CA2D2D /* Comic.swift in Sources */ = {isa = PBXBuildFile; fileRef = 7AC405212229BB2E00368727 /* Comic.swift */; };
		7AD234F52243BA9400CA2D2D /* SuperheroManager.swift in Sources */ = {isa = PBXBuildFile; fileRef = 7AB361522231A9D60066AE9B /* SuperheroManager.swift */; };
		7AD234F62243BA9400CA2D2D /* APIClient.swift in Sources */ = {isa = PBXBuildFile; fileRef = 7AB7BC792232EFB300CB7944 /* APIClient.swift */; };
		7AD234F72243BA9400CA2D2D /* CustomAnnotation.swift in Sources */ = {isa = PBXBuildFile; fileRef = 7ABBAA54223AEA750094B4F8 /* CustomAnnotation.swift */; };
		7AD234F82243BA9400CA2D2D /* AppDelegate.swift in Sources */ = {isa = PBXBuildFile; fileRef = 7A03962E22272390001E7E4E /* AppDelegate.swift */; };
		7AD234FA2243BB6F00CA2D2D /* CodingUserKey.swift in Sources */ = {isa = PBXBuildFile; fileRef = 7AD234F92243BB6F00CA2D2D /* CodingUserKey.swift */; };
		7AD234FB2243BB6F00CA2D2D /* CodingUserKey.swift in Sources */ = {isa = PBXBuildFile; fileRef = 7AD234F92243BB6F00CA2D2D /* CodingUserKey.swift */; };
		7AD234FD2243BBB900CA2D2D /* URLs.swift in Sources */ = {isa = PBXBuildFile; fileRef = 7AD234FC2243BBB900CA2D2D /* URLs.swift */; };
		7AD234FE2243BBB900CA2D2D /* URLs.swift in Sources */ = {isa = PBXBuildFile; fileRef = 7AD234FC2243BBB900CA2D2D /* URLs.swift */; };
		7AD235002243BBE700CA2D2D /* Thumbnail.swift in Sources */ = {isa = PBXBuildFile; fileRef = 7AD234FF2243BBE700CA2D2D /* Thumbnail.swift */; };
		7AD235012243BBE700CA2D2D /* Thumbnail.swift in Sources */ = {isa = PBXBuildFile; fileRef = 7AD234FF2243BBE700CA2D2D /* Thumbnail.swift */; };
		7AD235032243BC2B00CA2D2D /* HeroesData.swift in Sources */ = {isa = PBXBuildFile; fileRef = 7AD235022243BC2B00CA2D2D /* HeroesData.swift */; };
		7AD235042243BC2B00CA2D2D /* HeroesData.swift in Sources */ = {isa = PBXBuildFile; fileRef = 7AD235022243BC2B00CA2D2D /* HeroesData.swift */; };
		7AD235052243D02400CA2D2D /* Alamofire.framework in Frameworks */ = {isa = PBXBuildFile; fileRef = 7AB7BC772232CC9B00CB7944 /* Alamofire.framework */; };
		7AD235062243D02400CA2D2D /* AlamofireImage.framework in Frameworks */ = {isa = PBXBuildFile; fileRef = 7AB7BC7D2232F81C00CB7944 /* AlamofireImage.framework */; };
		7AD235072243D02400CA2D2D /* SDWebImage.framework in Frameworks */ = {isa = PBXBuildFile; fileRef = 7AB7BC7C2232F81C00CB7944 /* SDWebImage.framework */; };
		7AD235082243D02400CA2D2D /* SwiftyJSON.framework in Frameworks */ = {isa = PBXBuildFile; fileRef = 7AB7BC7B2232F81C00CB7944 /* SwiftyJSON.framework */; };
		7AD2350A2243D03000CA2D2D /* CoreData.framework in Frameworks */ = {isa = PBXBuildFile; fileRef = 7AD235092243D03000CA2D2D /* CoreData.framework */; };
		7AD2350C2243D05500CA2D2D /* UIKit.framework in Frameworks */ = {isa = PBXBuildFile; fileRef = 7AD2350B2243D05500CA2D2D /* UIKit.framework */; };
		7AD2350E2243D05B00CA2D2D /* WebKit.framework in Frameworks */ = {isa = PBXBuildFile; fileRef = 7AD2350D2243D05B00CA2D2D /* WebKit.framework */; };
		7AD235102243D09600CA2D2D /* HeroesResponse.swift in Sources */ = {isa = PBXBuildFile; fileRef = 7AD2350F2243D09600CA2D2D /* HeroesResponse.swift */; };
		7AD235112243D09600CA2D2D /* HeroesResponse.swift in Sources */ = {isa = PBXBuildFile; fileRef = 7AD2350F2243D09600CA2D2D /* HeroesResponse.swift */; };
		7AD235132243D16000CA2D2D /* ComicsResponse.swift in Sources */ = {isa = PBXBuildFile; fileRef = 7AD235122243D16000CA2D2D /* ComicsResponse.swift */; };
		7AD235142243D16000CA2D2D /* ComicsResponse.swift in Sources */ = {isa = PBXBuildFile; fileRef = 7AD235122243D16000CA2D2D /* ComicsResponse.swift */; };
		7AD235162243D18E00CA2D2D /* ComicData.swift in Sources */ = {isa = PBXBuildFile; fileRef = 7AD235152243D18E00CA2D2D /* ComicData.swift */; };
		7AD235172243D18E00CA2D2D /* ComicData.swift in Sources */ = {isa = PBXBuildFile; fileRef = 7AD235152243D18E00CA2D2D /* ComicData.swift */; };
		7AD2351C2243DF8F00CA2D2D /* Connectivity.swift in Sources */ = {isa = PBXBuildFile; fileRef = 7AD2351B2243DF8F00CA2D2D /* Connectivity.swift */; };
		7AD2351D2243E2C300CA2D2D /* Connectivity.swift in Sources */ = {isa = PBXBuildFile; fileRef = 7AD2351B2243DF8F00CA2D2D /* Connectivity.swift */; };
		7AD2351F2243E3A500CA2D2D /* CoreDataManager.swift in Sources */ = {isa = PBXBuildFile; fileRef = 7AD2351E2243E3A500CA2D2D /* CoreDataManager.swift */; };
		7AD235202243E3A500CA2D2D /* CoreDataManager.swift in Sources */ = {isa = PBXBuildFile; fileRef = 7AD2351E2243E3A500CA2D2D /* CoreDataManager.swift */; };
		7AD2352522440DA500CA2D2D /* ComicModelViewProtocol.swift in Sources */ = {isa = PBXBuildFile; fileRef = 7AD2352422440DA500CA2D2D /* ComicModelViewProtocol.swift */; };
		7AD2352622440DA500CA2D2D /* ComicModelViewProtocol.swift in Sources */ = {isa = PBXBuildFile; fileRef = 7AD2352422440DA500CA2D2D /* ComicModelViewProtocol.swift */; };
		7AD2352822440FF100CA2D2D /* MarvelComicModelView.swift in Sources */ = {isa = PBXBuildFile; fileRef = 7AD2352722440FF100CA2D2D /* MarvelComicModelView.swift */; };
		7AD2352922440FF100CA2D2D /* MarvelComicModelView.swift in Sources */ = {isa = PBXBuildFile; fileRef = 7AD2352722440FF100CA2D2D /* MarvelComicModelView.swift */; };
		7ADA3146223FBCE300F553A3 /* Model.xcdatamodeld in Sources */ = {isa = PBXBuildFile; fileRef = 7ADA3144223FBCE300F553A3 /* Model.xcdatamodeld */; };
		7AF6DA4B222FE73600DA4647 /* ComicViewController.swift in Sources */ = {isa = PBXBuildFile; fileRef = 7AF6DA4A222FE73600DA4647 /* ComicViewController.swift */; };
		7AF6DA4D2230014400DA4647 /* FindCell.swift in Sources */ = {isa = PBXBuildFile; fileRef = 7AF6DA4C2230014400DA4647 /* FindCell.swift */; };
		7AF6DA50223063F900DA4647 /* MediaPlayer.framework in Frameworks */ = {isa = PBXBuildFile; fileRef = 7AF6DA4F223063F900DA4647 /* MediaPlayer.framework */; };
		7AF6DA562230664800DA4647 /* AVKit.framework in Frameworks */ = {isa = PBXBuildFile; fileRef = 7AF6DA552230664800DA4647 /* AVKit.framework */; };
		7AF6DA582230679F00DA4647 /* VideoViewController.swift in Sources */ = {isa = PBXBuildFile; fileRef = 7AF6DA572230679F00DA4647 /* VideoViewController.swift */; };
/* End PBXBuildFile section */

/* Begin PBXContainerItemProxy section */
		7A03964022272392001E7E4E /* PBXContainerItemProxy */ = {
			isa = PBXContainerItemProxy;
			containerPortal = 7A03962322272390001E7E4E /* Project object */;
			proxyType = 1;
			remoteGlobalIDString = 7A03962A22272390001E7E4E;
			remoteInfo = SuperHero;
		};
		7A03964B22272392001E7E4E /* PBXContainerItemProxy */ = {
			isa = PBXContainerItemProxy;
			containerPortal = 7A03962322272390001E7E4E /* Project object */;
			proxyType = 1;
			remoteGlobalIDString = 7A03962A22272390001E7E4E;
			remoteInfo = SuperHero;
		};
/* End PBXContainerItemProxy section */

/* Begin PBXFileReference section */
		7A03962B22272390001E7E4E /* SuperHero.app */ = {isa = PBXFileReference; explicitFileType = wrapper.application; includeInIndex = 0; path = SuperHero.app; sourceTree = BUILT_PRODUCTS_DIR; };
		7A03962E22272390001E7E4E /* AppDelegate.swift */ = {isa = PBXFileReference; lastKnownFileType = sourcecode.swift; name = AppDelegate.swift; path = SuperHero/AppDelegate.swift; sourceTree = "<group>"; };
		7A03963022272390001E7E4E /* ViewController.swift */ = {isa = PBXFileReference; lastKnownFileType = sourcecode.swift; path = ViewController.swift; sourceTree = "<group>"; };
		7A03963322272390001E7E4E /* Base */ = {isa = PBXFileReference; lastKnownFileType = file.storyboard; name = Base; path = Base.lproj/Main.storyboard; sourceTree = "<group>"; };
		7A03963522272392001E7E4E /* Assets.xcassets */ = {isa = PBXFileReference; lastKnownFileType = folder.assetcatalog; name = Assets.xcassets; path = SuperHero/Assets.xcassets; sourceTree = SOURCE_ROOT; };
		7A03963822272392001E7E4E /* Base */ = {isa = PBXFileReference; lastKnownFileType = file.storyboard; name = Base; path = Base.lproj/LaunchScreen.storyboard; sourceTree = "<group>"; };
		7A03963A22272392001E7E4E /* Info.plist */ = {isa = PBXFileReference; lastKnownFileType = text.plist.xml; name = Info.plist; path = SuperHero/Info.plist; sourceTree = "<group>"; };
		7A03963F22272392001E7E4E /* SuperHeroTests.xctest */ = {isa = PBXFileReference; explicitFileType = wrapper.cfbundle; includeInIndex = 0; path = SuperHeroTests.xctest; sourceTree = BUILT_PRODUCTS_DIR; };
		7A03964322272392001E7E4E /* SuperHeroTests.swift */ = {isa = PBXFileReference; lastKnownFileType = sourcecode.swift; path = SuperHeroTests.swift; sourceTree = "<group>"; };
		7A03964522272392001E7E4E /* Info.plist */ = {isa = PBXFileReference; lastKnownFileType = text.plist.xml; path = Info.plist; sourceTree = "<group>"; };
		7A03964A22272392001E7E4E /* SuperHeroUITests.xctest */ = {isa = PBXFileReference; explicitFileType = wrapper.cfbundle; includeInIndex = 0; path = SuperHeroUITests.xctest; sourceTree = BUILT_PRODUCTS_DIR; };
		7A03964E22272392001E7E4E /* SuperHeroUITests.swift */ = {isa = PBXFileReference; lastKnownFileType = sourcecode.swift; path = SuperHeroUITests.swift; sourceTree = "<group>"; };
		7A03965022272392001E7E4E /* Info.plist */ = {isa = PBXFileReference; lastKnownFileType = text.plist.xml; path = Info.plist; sourceTree = "<group>"; };
		7A03965D22272B9D001E7E4E /* Hero.swift */ = {isa = PBXFileReference; lastKnownFileType = sourcecode.swift; path = Hero.swift; sourceTree = "<group>"; };
		7A03966222272CAD001E7E4E /* HeroCollectionViewController.swift */ = {isa = PBXFileReference; lastKnownFileType = sourcecode.swift; path = HeroCollectionViewController.swift; sourceTree = "<group>"; };
		7A8C03DD2244292700BE9051 /* HeroDetailViewModel.swift */ = {isa = PBXFileReference; lastKnownFileType = sourcecode.swift; path = HeroDetailViewModel.swift; sourceTree = "<group>"; };
		7A8C03E322442CE400BE9051 /* HeroModelViewProtocol.swift */ = {isa = PBXFileReference; lastKnownFileType = sourcecode.swift; path = HeroModelViewProtocol.swift; sourceTree = "<group>"; };
		7AAF4F442239884D00C4737A /* WikiWebViewController.swift */ = {isa = PBXFileReference; lastKnownFileType = sourcecode.swift; path = WikiWebViewController.swift; sourceTree = "<group>"; };
		7AB361522231A9D60066AE9B /* SuperheroManager.swift */ = {isa = PBXFileReference; lastKnownFileType = sourcecode.swift; path = SuperheroManager.swift; sourceTree = "<group>"; };
		7AB361542231BCD20066AE9B /* DetailViewController.swift */ = {isa = PBXFileReference; fileEncoding = 4; lastKnownFileType = sourcecode.swift; path = DetailViewController.swift; sourceTree = "<group>"; };
		7AB7BC752232B1EF00CB7944 /* tr1.mp4 */ = {isa = PBXFileReference; lastKnownFileType = file; path = tr1.mp4; sourceTree = "<group>"; };
		7AB7BC772232CC9B00CB7944 /* Alamofire.framework */ = {isa = PBXFileReference; lastKnownFileType = wrapper.framework; name = Alamofire.framework; path = Carthage/Build/iOS/Alamofire.framework; sourceTree = "<group>"; };
		7AB7BC792232EFB300CB7944 /* APIClient.swift */ = {isa = PBXFileReference; lastKnownFileType = sourcecode.swift; path = APIClient.swift; sourceTree = "<group>"; };
		7AB7BC7B2232F81C00CB7944 /* SwiftyJSON.framework */ = {isa = PBXFileReference; lastKnownFileType = wrapper.framework; name = SwiftyJSON.framework; path = Carthage/Build/iOS/SwiftyJSON.framework; sourceTree = "<group>"; };
		7AB7BC7C2232F81C00CB7944 /* SDWebImage.framework */ = {isa = PBXFileReference; lastKnownFileType = wrapper.framework; name = SDWebImage.framework; path = Carthage/Build/iOS/SDWebImage.framework; sourceTree = "<group>"; };
		7AB7BC7D2232F81C00CB7944 /* AlamofireImage.framework */ = {isa = PBXFileReference; lastKnownFileType = wrapper.framework; name = AlamofireImage.framework; path = Carthage/Build/iOS/AlamofireImage.framework; sourceTree = "<group>"; };
		7AB96CFA22287B44003EC2B2 /* HeroCell.swift */ = {isa = PBXFileReference; lastKnownFileType = sourcecode.swift; path = HeroCell.swift; sourceTree = "<group>"; };
		7ABBAA4A223AC70C0094B4F8 /* MapFlowStoryboard.storyboard */ = {isa = PBXFileReference; lastKnownFileType = file.storyboard; path = MapFlowStoryboard.storyboard; sourceTree = "<group>"; };
		7ABBAA4C223AC7D10094B4F8 /* MapViewController.swift */ = {isa = PBXFileReference; lastKnownFileType = sourcecode.swift; path = MapViewController.swift; sourceTree = "<group>"; };
		7ABBAA4E223AC9C50094B4F8 /* MapKit.framework */ = {isa = PBXFileReference; lastKnownFileType = wrapper.framework; name = MapKit.framework; path = System/Library/Frameworks/MapKit.framework; sourceTree = SDKROOT; };
		7ABBAA52223AD1CA0094B4F8 /* GlobantBB.gpx */ = {isa = PBXFileReference; fileEncoding = 4; lastKnownFileType = text; path = GlobantBB.gpx; sourceTree = "<group>"; };
		7ABBAA54223AEA750094B4F8 /* CustomAnnotation.swift */ = {isa = PBXFileReference; lastKnownFileType = sourcecode.swift; path = CustomAnnotation.swift; sourceTree = "<group>"; };
		7AC029852238226200460238 /* ComicFlowStoryboard.storyboard */ = {isa = PBXFileReference; lastKnownFileType = file.storyboard; path = ComicFlowStoryboard.storyboard; sourceTree = "<group>"; };
		7AC029872238228B00460238 /* CreatorFlowStoryboard.storyboard */ = {isa = PBXFileReference; lastKnownFileType = file.storyboard; path = CreatorFlowStoryboard.storyboard; sourceTree = "<group>"; };
		7AC0298B22384CD800460238 /* ComicCollectionViewController.swift */ = {isa = PBXFileReference; lastKnownFileType = sourcecode.swift; path = ComicCollectionViewController.swift; sourceTree = "<group>"; };
		7AC4051D2229BA7200368727 /* ComicCollectionCell.swift */ = {isa = PBXFileReference; lastKnownFileType = sourcecode.swift; path = ComicCollectionCell.swift; sourceTree = "<group>"; };
		7AC405212229BB2E00368727 /* Comic.swift */ = {isa = PBXFileReference; lastKnownFileType = sourcecode.swift; path = Comic.swift; sourceTree = "<group>"; };
		7AC633962236CD0E006388AC /* HeroImageZoomViewController.swift */ = {isa = PBXFileReference; lastKnownFileType = sourcecode.swift; path = HeroImageZoomViewController.swift; sourceTree = "<group>"; };
		7AD234F92243BB6F00CA2D2D /* CodingUserKey.swift */ = {isa = PBXFileReference; lastKnownFileType = sourcecode.swift; path = CodingUserKey.swift; sourceTree = "<group>"; };
		7AD234FC2243BBB900CA2D2D /* URLs.swift */ = {isa = PBXFileReference; lastKnownFileType = sourcecode.swift; path = URLs.swift; sourceTree = "<group>"; };
		7AD234FF2243BBE700CA2D2D /* Thumbnail.swift */ = {isa = PBXFileReference; lastKnownFileType = sourcecode.swift; path = Thumbnail.swift; sourceTree = "<group>"; };
		7AD235022243BC2B00CA2D2D /* HeroesData.swift */ = {isa = PBXFileReference; lastKnownFileType = sourcecode.swift; path = HeroesData.swift; sourceTree = "<group>"; };
		7AD235092243D03000CA2D2D /* CoreData.framework */ = {isa = PBXFileReference; lastKnownFileType = wrapper.framework; name = CoreData.framework; path = System/Library/Frameworks/CoreData.framework; sourceTree = SDKROOT; };
		7AD2350B2243D05500CA2D2D /* UIKit.framework */ = {isa = PBXFileReference; lastKnownFileType = wrapper.framework; name = UIKit.framework; path = System/Library/Frameworks/UIKit.framework; sourceTree = SDKROOT; };
		7AD2350D2243D05B00CA2D2D /* WebKit.framework */ = {isa = PBXFileReference; lastKnownFileType = wrapper.framework; name = WebKit.framework; path = System/Library/Frameworks/WebKit.framework; sourceTree = SDKROOT; };
		7AD2350F2243D09600CA2D2D /* HeroesResponse.swift */ = {isa = PBXFileReference; lastKnownFileType = sourcecode.swift; path = HeroesResponse.swift; sourceTree = "<group>"; };
		7AD235122243D16000CA2D2D /* ComicsResponse.swift */ = {isa = PBXFileReference; lastKnownFileType = sourcecode.swift; path = ComicsResponse.swift; sourceTree = "<group>"; };
		7AD235152243D18E00CA2D2D /* ComicData.swift */ = {isa = PBXFileReference; lastKnownFileType = sourcecode.swift; path = ComicData.swift; sourceTree = "<group>"; };
		7AD2351B2243DF8F00CA2D2D /* Connectivity.swift */ = {isa = PBXFileReference; lastKnownFileType = sourcecode.swift; path = Connectivity.swift; sourceTree = "<group>"; };
		7AD2351E2243E3A500CA2D2D /* CoreDataManager.swift */ = {isa = PBXFileReference; lastKnownFileType = sourcecode.swift; path = CoreDataManager.swift; sourceTree = "<group>"; };
		7AD2352422440DA500CA2D2D /* ComicModelViewProtocol.swift */ = {isa = PBXFileReference; lastKnownFileType = sourcecode.swift; path = ComicModelViewProtocol.swift; sourceTree = "<group>"; };
		7AD2352722440FF100CA2D2D /* MarvelComicModelView.swift */ = {isa = PBXFileReference; lastKnownFileType = sourcecode.swift; path = MarvelComicModelView.swift; sourceTree = "<group>"; };
		7ADA3145223FBCE300F553A3 /* Model.xcdatamodel */ = {isa = PBXFileReference; lastKnownFileType = wrapper.xcdatamodel; path = Model.xcdatamodel; sourceTree = "<group>"; };
		7ADA3148223FE2C600F553A3 /* CodableHasContextChecker.swift */ = {isa = PBXFileReference; lastKnownFileType = sourcecode.swift; path = CodableHasContextChecker.swift; sourceTree = "<group>"; };
		7AF6DA4A222FE73600DA4647 /* ComicViewController.swift */ = {isa = PBXFileReference; lastKnownFileType = sourcecode.swift; path = ComicViewController.swift; sourceTree = "<group>"; };
		7AF6DA4C2230014400DA4647 /* FindCell.swift */ = {isa = PBXFileReference; lastKnownFileType = sourcecode.swift; path = FindCell.swift; sourceTree = "<group>"; };
		7AF6DA4F223063F900DA4647 /* MediaPlayer.framework */ = {isa = PBXFileReference; lastKnownFileType = wrapper.framework; name = MediaPlayer.framework; path = System/Library/Frameworks/MediaPlayer.framework; sourceTree = SDKROOT; };
		7AF6DA552230664800DA4647 /* AVKit.framework */ = {isa = PBXFileReference; lastKnownFileType = wrapper.framework; name = AVKit.framework; path = System/Library/Frameworks/AVKit.framework; sourceTree = SDKROOT; };
		7AF6DA572230679F00DA4647 /* VideoViewController.swift */ = {isa = PBXFileReference; lastKnownFileType = sourcecode.swift; path = VideoViewController.swift; sourceTree = "<group>"; };
/* End PBXFileReference section */

/* Begin PBXFrameworksBuildPhase section */
		7A03962822272390001E7E4E /* Frameworks */ = {
			isa = PBXFrameworksBuildPhase;
			buildActionMask = 2147483647;
			files = (
				7AB7BC7F2232F81C00CB7944 /* SDWebImage.framework in Frameworks */,
				7AB7BC7E2232F81C00CB7944 /* SwiftyJSON.framework in Frameworks */,
				7AF6DA562230664800DA4647 /* AVKit.framework in Frameworks */,
				7AB7BC802232F81C00CB7944 /* AlamofireImage.framework in Frameworks */,
				7ABBAA4F223AC9C50094B4F8 /* MapKit.framework in Frameworks */,
				7AB7BC782232CC9B00CB7944 /* Alamofire.framework in Frameworks */,
				7AF6DA50223063F900DA4647 /* MediaPlayer.framework in Frameworks */,
			);
			runOnlyForDeploymentPostprocessing = 0;
		};
		7A03963C22272392001E7E4E /* Frameworks */ = {
			isa = PBXFrameworksBuildPhase;
			buildActionMask = 2147483647;
			files = (
				7AD2350E2243D05B00CA2D2D /* WebKit.framework in Frameworks */,
				7AD2350C2243D05500CA2D2D /* UIKit.framework in Frameworks */,
				7AD2350A2243D03000CA2D2D /* CoreData.framework in Frameworks */,
				7AD235052243D02400CA2D2D /* Alamofire.framework in Frameworks */,
				7AD235062243D02400CA2D2D /* AlamofireImage.framework in Frameworks */,
				7AD235072243D02400CA2D2D /* SDWebImage.framework in Frameworks */,
				7AD235082243D02400CA2D2D /* SwiftyJSON.framework in Frameworks */,
			);
			runOnlyForDeploymentPostprocessing = 0;
		};
		7A03964722272392001E7E4E /* Frameworks */ = {
			isa = PBXFrameworksBuildPhase;
			buildActionMask = 2147483647;
			files = (
			);
			runOnlyForDeploymentPostprocessing = 0;
		};
/* End PBXFrameworksBuildPhase section */

/* Begin PBXGroup section */
		7A03962222272390001E7E4E = {
			isa = PBXGroup;
			children = (
				7AB7BC752232B1EF00CB7944 /* tr1.mp4 */,
				7A03962D22272390001E7E4E /* SuperHero */,
				7A03964222272392001E7E4E /* SuperHeroTests */,
				7A03964D22272392001E7E4E /* SuperHeroUITests */,
				7A03962C22272390001E7E4E /* Products */,
				7AF6DA4E223063F900DA4647 /* Frameworks */,
			);
			sourceTree = "<group>";
		};
		7A03962C22272390001E7E4E /* Products */ = {
			isa = PBXGroup;
			children = (
				7A03962B22272390001E7E4E /* SuperHero.app */,
				7A03963F22272392001E7E4E /* SuperHeroTests.xctest */,
				7A03964A22272392001E7E4E /* SuperHeroUITests.xctest */,
			);
			name = Products;
			sourceTree = "<group>";
		};
		7A03962D22272390001E7E4E /* SuperHero */ = {
			isa = PBXGroup;
			children = (
				7A8C03DC22441AB900BE9051 /* ModelViews */,
				7ADA3147223FE2B200F553A3 /* myProtocols */,
				7ADA3143223FBC6300F553A3 /* coreData */,
				7ABBAA50223AC9F00094B4F8 /* gpx */,
				7AB3614F22314BA40066AE9B /* myStoryboards */,
				7AB96CF922287B06003EC2B2 /* Cells */,
				7A03966122272C61001E7E4E /* viewControllers */,
				7A03965C22272B6E001E7E4E /* myClasses */,
				7A03962E22272390001E7E4E /* AppDelegate.swift */,
				7A03963522272392001E7E4E /* Assets.xcassets */,
				7A03963A22272392001E7E4E /* Info.plist */,
			);
			name = SuperHero;
			sourceTree = "<group>";
		};
		7A03964222272392001E7E4E /* SuperHeroTests */ = {
			isa = PBXGroup;
			children = (
				7A03964322272392001E7E4E /* SuperHeroTests.swift */,
				7A03964522272392001E7E4E /* Info.plist */,
			);
			path = SuperHeroTests;
			sourceTree = "<group>";
		};
		7A03964D22272392001E7E4E /* SuperHeroUITests */ = {
			isa = PBXGroup;
			children = (
				7A03964E22272392001E7E4E /* SuperHeroUITests.swift */,
				7A03965022272392001E7E4E /* Info.plist */,
			);
			path = SuperHeroUITests;
			sourceTree = "<group>";
		};
		7A03965C22272B6E001E7E4E /* myClasses */ = {
			isa = PBXGroup;
			children = (
				7A03965D22272B9D001E7E4E /* Hero.swift */,
				7AC405212229BB2E00368727 /* Comic.swift */,
				7AB361522231A9D60066AE9B /* SuperheroManager.swift */,
				7AB7BC792232EFB300CB7944 /* APIClient.swift */,
				7ABBAA54223AEA750094B4F8 /* CustomAnnotation.swift */,
				7AD2351B2243DF8F00CA2D2D /* Connectivity.swift */,
			);
			name = myClasses;
			path = SuperHero/myClasses;
			sourceTree = "<group>";
		};
		7A03966122272C61001E7E4E /* viewControllers */ = {
			isa = PBXGroup;
			children = (
				7AB361542231BCD20066AE9B /* DetailViewController.swift */,
				7A03966222272CAD001E7E4E /* HeroCollectionViewController.swift */,
				7A03963022272390001E7E4E /* ViewController.swift */,
				7AF6DA4A222FE73600DA4647 /* ComicViewController.swift */,
				7AF6DA572230679F00DA4647 /* VideoViewController.swift */,
				7AC633962236CD0E006388AC /* HeroImageZoomViewController.swift */,
				7AC0298B22384CD800460238 /* ComicCollectionViewController.swift */,
				7AAF4F442239884D00C4737A /* WikiWebViewController.swift */,
				7ABBAA4C223AC7D10094B4F8 /* MapViewController.swift */,
			);
			name = viewControllers;
			path = SuperHero/viewControllers;
			sourceTree = "<group>";
		};
		7A8C03DC22441AB900BE9051 /* ModelViews */ = {
			isa = PBXGroup;
			children = (
				7AD2352722440FF100CA2D2D /* MarvelComicModelView.swift */,
				7A8C03DD2244292700BE9051 /* HeroDetailViewModel.swift */,
			);
			path = ModelViews;
			sourceTree = "<group>";
		};
		7AB3614F22314BA40066AE9B /* myStoryboards */ = {
			isa = PBXGroup;
			children = (
				7A03963722272392001E7E4E /* LaunchScreen.storyboard */,
				7A03963222272390001E7E4E /* Main.storyboard */,
				7AC029852238226200460238 /* ComicFlowStoryboard.storyboard */,
				7AC029872238228B00460238 /* CreatorFlowStoryboard.storyboard */,
				7ABBAA4A223AC70C0094B4F8 /* MapFlowStoryboard.storyboard */,
			);
			name = myStoryboards;
			path = SuperHero/myStoryboards;
			sourceTree = "<group>";
		};
		7AB96CF922287B06003EC2B2 /* Cells */ = {
			isa = PBXGroup;
			children = (
				7AB96CFA22287B44003EC2B2 /* HeroCell.swift */,
				7AC4051D2229BA7200368727 /* ComicCollectionCell.swift */,
				7AF6DA4C2230014400DA4647 /* FindCell.swift */,
			);
			name = Cells;
			path = SuperHero/Cells;
			sourceTree = "<group>";
		};
		7ABBAA50223AC9F00094B4F8 /* gpx */ = {
			isa = PBXGroup;
			children = (
				7ABBAA52223AD1CA0094B4F8 /* GlobantBB.gpx */,
			);
			path = gpx;
			sourceTree = "<group>";
		};
		7ADA3143223FBC6300F553A3 /* coreData */ = {
			isa = PBXGroup;
			children = (
				7AD234FF2243BBE700CA2D2D /* Thumbnail.swift */,
				7AD234FC2243BBB900CA2D2D /* URLs.swift */,
				7AD235022243BC2B00CA2D2D /* HeroesData.swift */,
				7AD2350F2243D09600CA2D2D /* HeroesResponse.swift */,
				7AD235122243D16000CA2D2D /* ComicsResponse.swift */,
				7AD235152243D18E00CA2D2D /* ComicData.swift */,
				7ADA3144223FBCE300F553A3 /* Model.xcdatamodeld */,
				7AD2351E2243E3A500CA2D2D /* CoreDataManager.swift */,
			);
			path = coreData;
			sourceTree = "<group>";
		};
		7ADA3147223FE2B200F553A3 /* myProtocols */ = {
			isa = PBXGroup;
			children = (
				7ADA3148223FE2C600F553A3 /* CodableHasContextChecker.swift */,
				7AD234F92243BB6F00CA2D2D /* CodingUserKey.swift */,
				7AD2352422440DA500CA2D2D /* ComicModelViewProtocol.swift */,
				7A8C03E322442CE400BE9051 /* HeroModelViewProtocol.swift */,
			);
			path = myProtocols;
			sourceTree = "<group>";
		};
		7AF6DA4E223063F900DA4647 /* Frameworks */ = {
			isa = PBXGroup;
			children = (
				7AD2350D2243D05B00CA2D2D /* WebKit.framework */,
				7AD2350B2243D05500CA2D2D /* UIKit.framework */,
				7AD235092243D03000CA2D2D /* CoreData.framework */,
				7ABBAA4E223AC9C50094B4F8 /* MapKit.framework */,
				7AB7BC7D2232F81C00CB7944 /* AlamofireImage.framework */,
				7AB7BC7C2232F81C00CB7944 /* SDWebImage.framework */,
				7AB7BC7B2232F81C00CB7944 /* SwiftyJSON.framework */,
				7AB7BC772232CC9B00CB7944 /* Alamofire.framework */,
				7AF6DA552230664800DA4647 /* AVKit.framework */,
				7AF6DA4F223063F900DA4647 /* MediaPlayer.framework */,
			);
			name = Frameworks;
			sourceTree = "<group>";
		};
/* End PBXGroup section */

/* Begin PBXNativeTarget section */
		7A03962A22272390001E7E4E /* SuperHero */ = {
			isa = PBXNativeTarget;
			buildConfigurationList = 7A03965322272392001E7E4E /* Build configuration list for PBXNativeTarget "SuperHero" */;
			buildPhases = (
				7A03962722272390001E7E4E /* Sources */,
				7A03962822272390001E7E4E /* Frameworks */,
				7A03962922272390001E7E4E /* Resources */,
				7AB7BC742232ADA000CB7944 /* ShellScript */,
			);
			buildRules = (
			);
			dependencies = (
			);
			name = SuperHero;
			productName = SuperHero;
			productReference = 7A03962B22272390001E7E4E /* SuperHero.app */;
			productType = "com.apple.product-type.application";
		};
		7A03963E22272392001E7E4E /* SuperHeroTests */ = {
			isa = PBXNativeTarget;
			buildConfigurationList = 7A03965622272392001E7E4E /* Build configuration list for PBXNativeTarget "SuperHeroTests" */;
			buildPhases = (
				7A03963B22272392001E7E4E /* Sources */,
				7A03963C22272392001E7E4E /* Frameworks */,
				7A03963D22272392001E7E4E /* Resources */,
			);
			buildRules = (
			);
			dependencies = (
				7A03964122272392001E7E4E /* PBXTargetDependency */,
			);
			name = SuperHeroTests;
			productName = SuperHeroTests;
			productReference = 7A03963F22272392001E7E4E /* SuperHeroTests.xctest */;
			productType = "com.apple.product-type.bundle.unit-test";
		};
		7A03964922272392001E7E4E /* SuperHeroUITests */ = {
			isa = PBXNativeTarget;
			buildConfigurationList = 7A03965922272392001E7E4E /* Build configuration list for PBXNativeTarget "SuperHeroUITests" */;
			buildPhases = (
				7A03964622272392001E7E4E /* Sources */,
				7A03964722272392001E7E4E /* Frameworks */,
				7A03964822272392001E7E4E /* Resources */,
			);
			buildRules = (
			);
			dependencies = (
				7A03964C22272392001E7E4E /* PBXTargetDependency */,
			);
			name = SuperHeroUITests;
			productName = SuperHeroUITests;
			productReference = 7A03964A22272392001E7E4E /* SuperHeroUITests.xctest */;
			productType = "com.apple.product-type.bundle.ui-testing";
		};
/* End PBXNativeTarget section */

/* Begin PBXProject section */
		7A03962322272390001E7E4E /* Project object */ = {
			isa = PBXProject;
			attributes = {
				LastSwiftUpdateCheck = 1010;
				LastUpgradeCheck = 1010;
				ORGANIZATIONNAME = "Gonzalo Giampietri";
				TargetAttributes = {
					7A03962A22272390001E7E4E = {
						CreatedOnToolsVersion = 10.1;
						SystemCapabilities = {
							com.apple.Maps.iOS = {
								enabled = 1;
							};
						};
					};
					7A03963E22272392001E7E4E = {
						CreatedOnToolsVersion = 10.1;
						TestTargetID = 7A03962A22272390001E7E4E;
					};
					7A03964922272392001E7E4E = {
						CreatedOnToolsVersion = 10.1;
						TestTargetID = 7A03962A22272390001E7E4E;
					};
				};
			};
			buildConfigurationList = 7A03962622272390001E7E4E /* Build configuration list for PBXProject "SuperHero" */;
			compatibilityVersion = "Xcode 9.3";
			developmentRegion = en;
			hasScannedForEncodings = 0;
			knownRegions = (
				en,
				Base,
			);
			mainGroup = 7A03962222272390001E7E4E;
			productRefGroup = 7A03962C22272390001E7E4E /* Products */;
			projectDirPath = "";
			projectRoot = "";
			targets = (
				7A03962A22272390001E7E4E /* SuperHero */,
				7A03963E22272392001E7E4E /* SuperHeroTests */,
				7A03964922272392001E7E4E /* SuperHeroUITests */,
			);
		};
/* End PBXProject section */

/* Begin PBXResourcesBuildPhase section */
		7A03962922272390001E7E4E /* Resources */ = {
			isa = PBXResourcesBuildPhase;
			buildActionMask = 2147483647;
			files = (
				7AB41E4F223BFEC90018E251 /* LaunchScreen.storyboard in Resources */,
				7AAF4F4322397A4C00C4737A /* Main.storyboard in Resources */,
				7AC029882238228B00460238 /* CreatorFlowStoryboard.storyboard in Resources */,
				7AB7BC762232B1EF00CB7944 /* tr1.mp4 in Resources */,
				7AC029862238226200460238 /* ComicFlowStoryboard.storyboard in Resources */,
				7ABBAA53223AD1CA0094B4F8 /* GlobantBB.gpx in Resources */,
				7ABBAA4B223AC70C0094B4F8 /* MapFlowStoryboard.storyboard in Resources */,
				7A03963622272392001E7E4E /* Assets.xcassets in Resources */,
			);
			runOnlyForDeploymentPostprocessing = 0;
		};
		7A03963D22272392001E7E4E /* Resources */ = {
			isa = PBXResourcesBuildPhase;
			buildActionMask = 2147483647;
			files = (
			);
			runOnlyForDeploymentPostprocessing = 0;
		};
		7A03964822272392001E7E4E /* Resources */ = {
			isa = PBXResourcesBuildPhase;
			buildActionMask = 2147483647;
			files = (
			);
			runOnlyForDeploymentPostprocessing = 0;
		};
/* End PBXResourcesBuildPhase section */

/* Begin PBXShellScriptBuildPhase section */
		7AB7BC742232ADA000CB7944 /* ShellScript */ = {
			isa = PBXShellScriptBuildPhase;
			buildActionMask = 2147483647;
			files = (
			);
			inputFileListPaths = (
			);
			inputPaths = (
				"$(SRCROOT)/Carthage/Build/iOS/Alamofire.framework",
				"$(SRCROOT)/Carthage/Build/iOS/AlamofireImage.framework",
				"$(SRCROOT)/Carthage/Build/iOS/SDWebImage.framework",
				"$(SRCROOT)/Carthage/Build/iOS/SwiftyJSON.framework",
			);
			outputFileListPaths = (
			);
			outputPaths = (
				"$(BUILT_PRODUCTS_DIR)/$(FRAMEWORKS_FOLDER_PATH)/Alamofire.framework",
				"$(BUILT_PRODUCTS_DIR)/$(FRAMEWORKS_FOLDER_PATH)/SwiftyJSON.framework",
				"$(BUILT_PRODUCTS_DIR)/$(FRAMEWORKS_FOLDER_PATH)/SDWebImage.framework",
				"$(BUILT_PRODUCTS_DIR)/$(FRAMEWORKS_FOLDER_PATH)/AlamofireImage.framework",
			);
			runOnlyForDeploymentPostprocessing = 0;
			shellPath = /bin/sh;
			shellScript = "# Type a script or drag a script file from your workspace to insert its path.\n/usr/local/bin/carthage copy-frameworks\n\n";
		};
/* End PBXShellScriptBuildPhase section */

/* Begin PBXSourcesBuildPhase section */
		7A03962722272390001E7E4E /* Sources */ = {
			isa = PBXSourcesBuildPhase;
			buildActionMask = 2147483647;
			files = (
				7AD234C82243B96A00CA2D2D /* CodableHasContextChecker.swift in Sources */,
				7AAF4F42223979F600C4737A /* DetailViewController.swift in Sources */,
				7AC633972236CD0E006388AC /* HeroImageZoomViewController.swift in Sources */,
				7AD235032243BC2B00CA2D2D /* HeroesData.swift in Sources */,
				7AD234FD2243BBB900CA2D2D /* URLs.swift in Sources */,
				7AB7BC7A2232EFB300CB7944 /* APIClient.swift in Sources */,
				7AD235162243D18E00CA2D2D /* ComicData.swift in Sources */,
				7A03966322272CAD001E7E4E /* HeroCollectionViewController.swift in Sources */,
				7A8C03DE2244292700BE9051 /* HeroDetailViewModel.swift in Sources */,
				7A03963122272390001E7E4E /* ViewController.swift in Sources */,
				7AC0298C22384CD800460238 /* ComicCollectionViewController.swift in Sources */,
				7AAF4F452239884D00C4737A /* WikiWebViewController.swift in Sources */,
				7AF6DA582230679F00DA4647 /* VideoViewController.swift in Sources */,
				7AD235102243D09600CA2D2D /* HeroesResponse.swift in Sources */,
				7AF6DA4D2230014400DA4647 /* FindCell.swift in Sources */,
				7AF6DA4B222FE73600DA4647 /* ComicViewController.swift in Sources */,
				7ABBAA55223AEA750094B4F8 /* CustomAnnotation.swift in Sources */,
				7AD2352522440DA500CA2D2D /* ComicModelViewProtocol.swift in Sources */,
				7AB41E4E223BD6390018E251 /* SuperheroManager.swift in Sources */,
				7AD2352822440FF100CA2D2D /* MarvelComicModelView.swift in Sources */,
				7AD234FA2243BB6F00CA2D2D /* CodingUserKey.swift in Sources */,
				7AC4051E2229BA7200368727 /* ComicCollectionCell.swift in Sources */,
				7A03962F22272390001E7E4E /* AppDelegate.swift in Sources */,
				7AD2351C2243DF8F00CA2D2D /* Connectivity.swift in Sources */,
				7AB96CFB22287B44003EC2B2 /* HeroCell.swift in Sources */,
				7AD235132243D16000CA2D2D /* ComicsResponse.swift in Sources */,
				7AD235002243BBE700CA2D2D /* Thumbnail.swift in Sources */,
				7AC405222229BB2E00368727 /* Comic.swift in Sources */,
				7A8C03E422442CE400BE9051 /* HeroModelViewProtocol.swift in Sources */,
				7AD2351F2243E3A500CA2D2D /* CoreDataManager.swift in Sources */,
				7A03965E22272B9D001E7E4E /* Hero.swift in Sources */,
				7ADA3146223FBCE300F553A3 /* Model.xcdatamodeld in Sources */,
				7ABBAA4D223AC7D10094B4F8 /* MapViewController.swift in Sources */,
			);
			runOnlyForDeploymentPostprocessing = 0;
		};
		7A03963B22272392001E7E4E /* Sources */ = {
			isa = PBXSourcesBuildPhase;
			buildActionMask = 2147483647;
			files = (
				7AD2351D2243E2C300CA2D2D /* Connectivity.swift in Sources */,
				7AD234DF2243BA9400CA2D2D /* CodableHasContextChecker.swift in Sources */,
				7AD234E02243BA9400CA2D2D /* Model.xcdatamodeld in Sources */,
				7AD234E12243BA9400CA2D2D /* GlobantBB.gpx in Sources */,
				7AD234E72243BA9400CA2D2D /* HeroCell.swift in Sources */,
				7AD235042243BC2B00CA2D2D /* HeroesData.swift in Sources */,
				7AD234E82243BA9400CA2D2D /* ComicCollectionCell.swift in Sources */,
				7AD234E92243BA9400CA2D2D /* FindCell.swift in Sources */,
				7AD235172243D18E00CA2D2D /* ComicData.swift in Sources */,
				7AD234EA2243BA9400CA2D2D /* DetailViewController.swift in Sources */,
				7AD234EB2243BA9400CA2D2D /* HeroCollectionViewController.swift in Sources */,
				7A8C03E522442CE400BE9051 /* HeroModelViewProtocol.swift in Sources */,
				7AD234EC2243BA9400CA2D2D /* ViewController.swift in Sources */,
				7AD234ED2243BA9400CA2D2D /* ComicViewController.swift in Sources */,
				7AD234EE2243BA9400CA2D2D /* VideoViewController.swift in Sources */,
				7AD234EF2243BA9400CA2D2D /* HeroImageZoomViewController.swift in Sources */,
				7AD234F02243BA9400CA2D2D /* ComicCollectionViewController.swift in Sources */,
				7AD234F12243BA9400CA2D2D /* WikiWebViewController.swift in Sources */,
				7AD235012243BBE700CA2D2D /* Thumbnail.swift in Sources */,
				7AD235202243E3A500CA2D2D /* CoreDataManager.swift in Sources */,
				7AD2352922440FF100CA2D2D /* MarvelComicModelView.swift in Sources */,
				7AD234FB2243BB6F00CA2D2D /* CodingUserKey.swift in Sources */,
				7AD234F22243BA9400CA2D2D /* MapViewController.swift in Sources */,
				7AD234FE2243BBB900CA2D2D /* URLs.swift in Sources */,
				7AD2352622440DA500CA2D2D /* ComicModelViewProtocol.swift in Sources */,
				7AD234F32243BA9400CA2D2D /* Hero.swift in Sources */,
				7AD234F42243BA9400CA2D2D /* Comic.swift in Sources */,
				7AD234F52243BA9400CA2D2D /* SuperheroManager.swift in Sources */,
				7A8C03DF2244292700BE9051 /* HeroDetailViewModel.swift in Sources */,
				7AD235112243D09600CA2D2D /* HeroesResponse.swift in Sources */,
				7AD235142243D16000CA2D2D /* ComicsResponse.swift in Sources */,
				7AD234F62243BA9400CA2D2D /* APIClient.swift in Sources */,
				7AD234F72243BA9400CA2D2D /* CustomAnnotation.swift in Sources */,
				7AD234F82243BA9400CA2D2D /* AppDelegate.swift in Sources */,
			);
			runOnlyForDeploymentPostprocessing = 0;
		};
		7A03964622272392001E7E4E /* Sources */ = {
			isa = PBXSourcesBuildPhase;
			buildActionMask = 2147483647;
			files = (
				7A03964F22272392001E7E4E /* SuperHeroUITests.swift in Sources */,
				7AC405242229BB2E00368727 /* Comic.swift in Sources */,
				7AB96CFD22287B44003EC2B2 /* HeroCell.swift in Sources */,
				7AC405202229BA7200368727 /* ComicCollectionCell.swift in Sources */,
				7A03966022272B9D001E7E4E /* Hero.swift in Sources */,
			);
			runOnlyForDeploymentPostprocessing = 0;
		};
/* End PBXSourcesBuildPhase section */

/* Begin PBXTargetDependency section */
		7A03964122272392001E7E4E /* PBXTargetDependency */ = {
			isa = PBXTargetDependency;
			target = 7A03962A22272390001E7E4E /* SuperHero */;
			targetProxy = 7A03964022272392001E7E4E /* PBXContainerItemProxy */;
		};
		7A03964C22272392001E7E4E /* PBXTargetDependency */ = {
			isa = PBXTargetDependency;
			target = 7A03962A22272390001E7E4E /* SuperHero */;
			targetProxy = 7A03964B22272392001E7E4E /* PBXContainerItemProxy */;
		};
/* End PBXTargetDependency section */

/* Begin PBXVariantGroup section */
		7A03963222272390001E7E4E /* Main.storyboard */ = {
			isa = PBXVariantGroup;
			children = (
				7A03963322272390001E7E4E /* Base */,
			);
			name = Main.storyboard;
			sourceTree = "<group>";
		};
		7A03963722272392001E7E4E /* LaunchScreen.storyboard */ = {
			isa = PBXVariantGroup;
			children = (
				7A03963822272392001E7E4E /* Base */,
			);
			name = LaunchScreen.storyboard;
			sourceTree = "<group>";
		};
/* End PBXVariantGroup section */

/* Begin XCBuildConfiguration section */
		7A03965122272392001E7E4E /* Debug */ = {
			isa = XCBuildConfiguration;
			buildSettings = {
				ALWAYS_SEARCH_USER_PATHS = NO;
				CLANG_ANALYZER_NONNULL = YES;
				CLANG_ANALYZER_NUMBER_OBJECT_CONVERSION = YES_AGGRESSIVE;
				CLANG_CXX_LANGUAGE_STANDARD = "gnu++14";
				CLANG_CXX_LIBRARY = "libc++";
				CLANG_ENABLE_MODULES = YES;
				CLANG_ENABLE_OBJC_ARC = YES;
				CLANG_ENABLE_OBJC_WEAK = YES;
				CLANG_WARN_BLOCK_CAPTURE_AUTORELEASING = YES;
				CLANG_WARN_BOOL_CONVERSION = YES;
				CLANG_WARN_COMMA = YES;
				CLANG_WARN_CONSTANT_CONVERSION = YES;
				CLANG_WARN_DEPRECATED_OBJC_IMPLEMENTATIONS = YES;
				CLANG_WARN_DIRECT_OBJC_ISA_USAGE = YES_ERROR;
				CLANG_WARN_DOCUMENTATION_COMMENTS = YES;
				CLANG_WARN_EMPTY_BODY = YES;
				CLANG_WARN_ENUM_CONVERSION = YES;
				CLANG_WARN_INFINITE_RECURSION = YES;
				CLANG_WARN_INT_CONVERSION = YES;
				CLANG_WARN_NON_LITERAL_NULL_CONVERSION = YES;
				CLANG_WARN_OBJC_IMPLICIT_RETAIN_SELF = YES;
				CLANG_WARN_OBJC_LITERAL_CONVERSION = YES;
				CLANG_WARN_OBJC_ROOT_CLASS = YES_ERROR;
				CLANG_WARN_RANGE_LOOP_ANALYSIS = YES;
				CLANG_WARN_STRICT_PROTOTYPES = YES;
				CLANG_WARN_SUSPICIOUS_MOVE = YES;
				CLANG_WARN_UNGUARDED_AVAILABILITY = YES_AGGRESSIVE;
				CLANG_WARN_UNREACHABLE_CODE = YES;
				CLANG_WARN__DUPLICATE_METHOD_MATCH = YES;
				CODE_SIGN_IDENTITY = "iPhone Developer";
				COPY_PHASE_STRIP = NO;
				DEBUG_INFORMATION_FORMAT = dwarf;
				ENABLE_STRICT_OBJC_MSGSEND = YES;
				ENABLE_TESTABILITY = YES;
				GCC_C_LANGUAGE_STANDARD = gnu11;
				GCC_DYNAMIC_NO_PIC = NO;
				GCC_NO_COMMON_BLOCKS = YES;
				GCC_OPTIMIZATION_LEVEL = 0;
				GCC_PREPROCESSOR_DEFINITIONS = (
					"DEBUG=1",
					"$(inherited)",
				);
				GCC_WARN_64_TO_32_BIT_CONVERSION = YES;
				GCC_WARN_ABOUT_RETURN_TYPE = YES_ERROR;
				GCC_WARN_UNDECLARED_SELECTOR = YES;
				GCC_WARN_UNINITIALIZED_AUTOS = YES_AGGRESSIVE;
				GCC_WARN_UNUSED_FUNCTION = YES;
				GCC_WARN_UNUSED_VARIABLE = YES;
				IPHONEOS_DEPLOYMENT_TARGET = 12.1;
				MTL_ENABLE_DEBUG_INFO = INCLUDE_SOURCE;
				MTL_FAST_MATH = YES;
				ONLY_ACTIVE_ARCH = YES;
				SDKROOT = iphoneos;
				SWIFT_ACTIVE_COMPILATION_CONDITIONS = DEBUG;
				SWIFT_OPTIMIZATION_LEVEL = "-Onone";
			};
			name = Debug;
		};
		7A03965222272392001E7E4E /* Release */ = {
			isa = XCBuildConfiguration;
			buildSettings = {
				ALWAYS_SEARCH_USER_PATHS = NO;
				CLANG_ANALYZER_NONNULL = YES;
				CLANG_ANALYZER_NUMBER_OBJECT_CONVERSION = YES_AGGRESSIVE;
				CLANG_CXX_LANGUAGE_STANDARD = "gnu++14";
				CLANG_CXX_LIBRARY = "libc++";
				CLANG_ENABLE_MODULES = YES;
				CLANG_ENABLE_OBJC_ARC = YES;
				CLANG_ENABLE_OBJC_WEAK = YES;
				CLANG_WARN_BLOCK_CAPTURE_AUTORELEASING = YES;
				CLANG_WARN_BOOL_CONVERSION = YES;
				CLANG_WARN_COMMA = YES;
				CLANG_WARN_CONSTANT_CONVERSION = YES;
				CLANG_WARN_DEPRECATED_OBJC_IMPLEMENTATIONS = YES;
				CLANG_WARN_DIRECT_OBJC_ISA_USAGE = YES_ERROR;
				CLANG_WARN_DOCUMENTATION_COMMENTS = YES;
				CLANG_WARN_EMPTY_BODY = YES;
				CLANG_WARN_ENUM_CONVERSION = YES;
				CLANG_WARN_INFINITE_RECURSION = YES;
				CLANG_WARN_INT_CONVERSION = YES;
				CLANG_WARN_NON_LITERAL_NULL_CONVERSION = YES;
				CLANG_WARN_OBJC_IMPLICIT_RETAIN_SELF = YES;
				CLANG_WARN_OBJC_LITERAL_CONVERSION = YES;
				CLANG_WARN_OBJC_ROOT_CLASS = YES_ERROR;
				CLANG_WARN_RANGE_LOOP_ANALYSIS = YES;
				CLANG_WARN_STRICT_PROTOTYPES = YES;
				CLANG_WARN_SUSPICIOUS_MOVE = YES;
				CLANG_WARN_UNGUARDED_AVAILABILITY = YES_AGGRESSIVE;
				CLANG_WARN_UNREACHABLE_CODE = YES;
				CLANG_WARN__DUPLICATE_METHOD_MATCH = YES;
				CODE_SIGN_IDENTITY = "iPhone Developer";
				COPY_PHASE_STRIP = NO;
				DEBUG_INFORMATION_FORMAT = "dwarf-with-dsym";
				ENABLE_NS_ASSERTIONS = NO;
				ENABLE_STRICT_OBJC_MSGSEND = YES;
				GCC_C_LANGUAGE_STANDARD = gnu11;
				GCC_NO_COMMON_BLOCKS = YES;
				GCC_WARN_64_TO_32_BIT_CONVERSION = YES;
				GCC_WARN_ABOUT_RETURN_TYPE = YES_ERROR;
				GCC_WARN_UNDECLARED_SELECTOR = YES;
				GCC_WARN_UNINITIALIZED_AUTOS = YES_AGGRESSIVE;
				GCC_WARN_UNUSED_FUNCTION = YES;
				GCC_WARN_UNUSED_VARIABLE = YES;
				IPHONEOS_DEPLOYMENT_TARGET = 12.1;
				MTL_ENABLE_DEBUG_INFO = NO;
				MTL_FAST_MATH = YES;
				SDKROOT = iphoneos;
				SWIFT_COMPILATION_MODE = wholemodule;
				SWIFT_OPTIMIZATION_LEVEL = "-O";
				VALIDATE_PRODUCT = YES;
			};
			name = Release;
		};
		7A03965422272392001E7E4E /* Debug */ = {
			isa = XCBuildConfiguration;
			buildSettings = {
				ASSETCATALOG_COMPILER_APPICON_NAME = AppIcon;
				CODE_SIGN_STYLE = Automatic;
				FRAMEWORK_SEARCH_PATHS = (
					"$(inherited)",
					"$(PROJECT_DIR)/Carthage/Build/iOS",
				);
				INFOPLIST_FILE = SuperHero/Info.plist;
				IPHONEOS_DEPLOYMENT_TARGET = 12.1;
				LD_RUNPATH_SEARCH_PATHS = (
					"$(inherited)",
					"@executable_path/Frameworks",
				);
				PRODUCT_BUNDLE_IDENTIFIER = me.SuperHero;
				PRODUCT_NAME = "$(TARGET_NAME)";
				SWIFT_VERSION = 4.2;
				TARGETED_DEVICE_FAMILY = "1,2";
			};
			name = Debug;
		};
		7A03965522272392001E7E4E /* Release */ = {
			isa = XCBuildConfiguration;
			buildSettings = {
				ASSETCATALOG_COMPILER_APPICON_NAME = AppIcon;
				CODE_SIGN_STYLE = Automatic;
				FRAMEWORK_SEARCH_PATHS = (
					"$(inherited)",
					"$(PROJECT_DIR)/Carthage/Build/iOS",
				);
				INFOPLIST_FILE = SuperHero/Info.plist;
				IPHONEOS_DEPLOYMENT_TARGET = 12.1;
				LD_RUNPATH_SEARCH_PATHS = (
					"$(inherited)",
					"@executable_path/Frameworks",
				);
				PRODUCT_BUNDLE_IDENTIFIER = me.SuperHero;
				PRODUCT_NAME = "$(TARGET_NAME)";
				SWIFT_VERSION = 4.2;
				TARGETED_DEVICE_FAMILY = "1,2";
			};
			name = Release;
		};
		7A03965722272392001E7E4E /* Debug */ = {
			isa = XCBuildConfiguration;
			buildSettings = {
				ALWAYS_EMBED_SWIFT_STANDARD_LIBRARIES = YES;
				BUNDLE_LOADER = "$(TEST_HOST)";
				CODE_SIGN_STYLE = Automatic;
				FRAMEWORK_SEARCH_PATHS = (
					"$(inherited)",
					"$(PROJECT_DIR)/Carthage/Build/iOS",
				);
				INFOPLIST_FILE = SuperHeroTests/Info.plist;
				LD_RUNPATH_SEARCH_PATHS = (
					"$(inherited)",
					"@executable_path/Frameworks",
					"@loader_path/Frameworks",
				);
				PRODUCT_BUNDLE_IDENTIFIER = me.SuperHeroTests;
				PRODUCT_NAME = "$(TARGET_NAME)";
				SWIFT_VERSION = 4.2;
				TARGETED_DEVICE_FAMILY = "1,2";
				TEST_HOST = "$(BUILT_PRODUCTS_DIR)/SuperHero.app/SuperHero";
			};
			name = Debug;
		};
		7A03965822272392001E7E4E /* Release */ = {
			isa = XCBuildConfiguration;
			buildSettings = {
				ALWAYS_EMBED_SWIFT_STANDARD_LIBRARIES = YES;
				BUNDLE_LOADER = "$(TEST_HOST)";
				CODE_SIGN_STYLE = Automatic;
				FRAMEWORK_SEARCH_PATHS = (
					"$(inherited)",
					"$(PROJECT_DIR)/Carthage/Build/iOS",
				);
				INFOPLIST_FILE = SuperHeroTests/Info.plist;
				LD_RUNPATH_SEARCH_PATHS = (
					"$(inherited)",
					"@executable_path/Frameworks",
					"@loader_path/Frameworks",
				);
				PRODUCT_BUNDLE_IDENTIFIER = me.SuperHeroTests;
				PRODUCT_NAME = "$(TARGET_NAME)";
				SWIFT_VERSION = 4.2;
				TARGETED_DEVICE_FAMILY = "1,2";
				TEST_HOST = "$(BUILT_PRODUCTS_DIR)/SuperHero.app/SuperHero";
			};
			name = Release;
		};
		7A03965A22272392001E7E4E /* Debug */ = {
			isa = XCBuildConfiguration;
			buildSettings = {
				ALWAYS_EMBED_SWIFT_STANDARD_LIBRARIES = YES;
				CODE_SIGN_STYLE = Automatic;
				INFOPLIST_FILE = SuperHeroUITests/Info.plist;
				LD_RUNPATH_SEARCH_PATHS = (
					"$(inherited)",
					"@executable_path/Frameworks",
					"@loader_path/Frameworks",
				);
				PRODUCT_BUNDLE_IDENTIFIER = me.SuperHeroUITests;
				PRODUCT_NAME = "$(TARGET_NAME)";
				SWIFT_VERSION = 4.2;
				TARGETED_DEVICE_FAMILY = "1,2";
				TEST_TARGET_NAME = SuperHero;
			};
			name = Debug;
		};
		7A03965B22272392001E7E4E /* Release */ = {
			isa = XCBuildConfiguration;
			buildSettings = {
				ALWAYS_EMBED_SWIFT_STANDARD_LIBRARIES = YES;
				CODE_SIGN_STYLE = Automatic;
				INFOPLIST_FILE = SuperHeroUITests/Info.plist;
				LD_RUNPATH_SEARCH_PATHS = (
					"$(inherited)",
					"@executable_path/Frameworks",
					"@loader_path/Frameworks",
				);
				PRODUCT_BUNDLE_IDENTIFIER = me.SuperHeroUITests;
				PRODUCT_NAME = "$(TARGET_NAME)";
				SWIFT_VERSION = 4.2;
				TARGETED_DEVICE_FAMILY = "1,2";
				TEST_TARGET_NAME = SuperHero;
			};
			name = Release;
		};
/* End XCBuildConfiguration section */

/* Begin XCConfigurationList section */
		7A03962622272390001E7E4E /* Build configuration list for PBXProject "SuperHero" */ = {
			isa = XCConfigurationList;
			buildConfigurations = (
				7A03965122272392001E7E4E /* Debug */,
				7A03965222272392001E7E4E /* Release */,
			);
			defaultConfigurationIsVisible = 0;
			defaultConfigurationName = Release;
		};
		7A03965322272392001E7E4E /* Build configuration list for PBXNativeTarget "SuperHero" */ = {
			isa = XCConfigurationList;
			buildConfigurations = (
				7A03965422272392001E7E4E /* Debug */,
				7A03965522272392001E7E4E /* Release */,
			);
			defaultConfigurationIsVisible = 0;
			defaultConfigurationName = Release;
		};
		7A03965622272392001E7E4E /* Build configuration list for PBXNativeTarget "SuperHeroTests" */ = {
			isa = XCConfigurationList;
			buildConfigurations = (
				7A03965722272392001E7E4E /* Debug */,
				7A03965822272392001E7E4E /* Release */,
			);
			defaultConfigurationIsVisible = 0;
			defaultConfigurationName = Release;
		};
		7A03965922272392001E7E4E /* Build configuration list for PBXNativeTarget "SuperHeroUITests" */ = {
			isa = XCConfigurationList;
			buildConfigurations = (
				7A03965A22272392001E7E4E /* Debug */,
				7A03965B22272392001E7E4E /* Release */,
			);
			defaultConfigurationIsVisible = 0;
			defaultConfigurationName = Release;
		};
/* End XCConfigurationList section */

/* Begin XCVersionGroup section */
		7ADA3144223FBCE300F553A3 /* Model.xcdatamodeld */ = {
			isa = XCVersionGroup;
			children = (
				7ADA3145223FBCE300F553A3 /* Model.xcdatamodel */,
			);
			currentVersion = 7ADA3145223FBCE300F553A3 /* Model.xcdatamodel */;
			path = Model.xcdatamodeld;
			sourceTree = "<group>";
			versionGroupType = wrapper.xcdatamodel;
		};
/* End XCVersionGroup section */
	};
	rootObject = 7A03962322272390001E7E4E /* Project object */;
}
